{
  "version": "1",
  "sources": {
    "finix": {
      "type": "GitHub",
      "fetchType": "tarball",
      "owner": "finix-community",
      "repo": "finix",
      "branch": "main",
      "revision": "ce74d61685efd81aa27fbf6bef466bb6a3cb08b7",
      "url": "https://github.com/finix-community/finix/archive/ce74d61685efd81aa27fbf6bef466bb6a3cb08b7.tar.gz",
      "hash": "sha256-WZeVOa8x11z/+VjguZwZuyoyVXL+2QoI/8/cX4Kh2jM="
    },
    "nixpkgs": {
      "type": "GitHub",
      "fetchType": "tarball",
      "owner": "nixos",
      "repo": "nixpkgs",
      "branch": "nixos-unstable",
      "revision": "544961dfcce86422ba200ed9a0b00dd4b1486ec5",
      "url": "https://github.com/nixos/nixpkgs/archive/544961dfcce86422ba200ed9a0b00dd4b1486ec5.tar.gz",
      "hash": "sha256-EVAqOteLBFmd7pKkb0+FIUyzTF61VKi7YmvP1tw4nEw="
    },
    "sops-nix": {
      "type": "GitHub",
      "fetchType": "tarball",
      "owner": "Mic92",
      "repo": "sops-nix",
      "branch": "master",
      "revision": "6e5a38e08a2c31ae687504196a230ae00ea95133",
      "url": "https://github.com/Mic92/sops-nix/archive/6e5a38e08a2c31ae687504196a230ae00ea95133.tar.gz",
      "hash": "sha256-UvzKi02LMFP74csFfwLPAZ0mrE7k6EiYaKecplyX9Qk="
    }
  }
}
